Microsoft Visual Studio Solution File, Format Version 12.00
# Visual Studio Version 17
VisualStudioVersion = 17.5.2.0
MinimumVisualStudioVersion = 10.0.40219.1
Project("{FAE04EC0-301F-11D3-BF4B-00C04F79EFBC}") = "TruckModImporter", "TruckModImporter.csproj", "{5456768D-96DD-35C2-4631-AE582C1A59BA}"
EndProject
Global
	GlobalSection(SolutionConfigurationPlatforms) = preSolution
		Debug|Any CPU = Debug|Any CPU
		Release|Any CPU = Release|Any CPU
	EndGlobalSection
	GlobalSection(ProjectConfigurationPlatforms) = postSolution
		{5456768D-96DD-35C2-4631-AE582C1A59BA}.Debug|Any CPU.ActiveCfg = Debug|Any CPU
		{5456768D-96DD-35C2-4631-AE582C1A59BA}.Debug|Any CPU.Build.0 = Debug|Any CPU
		{5456768D-96DD-35C2-4631-AE582C1A59BA}.Release|Any CPU.ActiveCfg = Release|Any CPU
		{5456768D-96DD-35C2-4631-AE582C1A59BA}.Release|Any CPU.Build.0 = Release|Any CPU
	EndGlobalSection
	GlobalSection(SolutionProperties) = preSolution
		HideSolutionNode = FALSE
	EndGlobalSection
	GlobalSection(ExtensibilityGlobals) = postSolution
		SolutionGuid = {B338ED08-0C8B-4894-B1A3-1EC177FA1C44}
	EndGlobalSection
EndGlobal
